
Microsoft Visual Studio Solution File, Format Version 12.00
# Visual Studio Version 16
VisualStudioVersion = 16.0.30611.23
MinimumVisualStudioVersion = 10.0.40219.1
Project("{9A19103F-16F7-4668-BE54-9A1E7A4F7556}") = "n0tFlix.Channel.TubiTV", "n0tFlix.Channel.TubiTV\n0tFlix.Channel.TubiTV.csproj", "{1CD99952-6A78-4C8E-9C79-D949433B200F}"
EndProject
Project("{FAE04EC0-301F-11D3-BF4B-00C04F79EFBC}") = "JsonTester", "JsonTester\JsonTester.csproj", "{88CAD4C8-5360-4D8C-B977-DD155C779985}"
EndProject
Global
	GlobalSection(SolutionConfigurationPlatforms) = preSolution
		Debug|Any CPU = Debug|Any CPU
		Release|Any CPU = Release|Any CPU
	EndGlobalSection
	GlobalSection(ProjectConfigurationPlatforms) = postSolution
		{1CD99952-6A78-4C8E-9C79-D949433B200F}.Debug|Any CPU.ActiveCfg = Debug|Any CPU
		{1CD99952-6A78-4C8E-9C79-D949433B200F}.Debug|Any CPU.Build.0 = Debug|Any CPU
		{1CD99952-6A78-4C8E-9C79-D949433B200F}.Release|Any CPU.ActiveCfg = Release|Any CPU
		{1CD99952-6A78-4C8E-9C79-D949433B200F}.Release|Any CPU.Build.0 = Release|Any CPU
		{88CAD4C8-5360-4D8C-B977-DD155C779985}.Debug|Any CPU.ActiveCfg = Debug|Any CPU
		{88CAD4C8-5360-4D8C-B977-DD155C779985}.Debug|Any CPU.Build.0 = Debug|Any CPU
		{88CAD4C8-5360-4D8C-B977-DD155C779985}.Release|Any CPU.ActiveCfg = Release|Any CPU
		{88CAD4C8-5360-4D8C-B977-DD155C779985}.Release|Any CPU.Build.0 = Release|Any CPU
	EndGlobalSection
	GlobalSection(SolutionProperties) = preSolution
		HideSolutionNode = FALSE
	EndGlobalSection
	GlobalSection(ExtensibilityGlobals) = postSolution
		SolutionGuid = {FC723AC3-3A2C-4239-96CB-335E40706076}
	EndGlobalSection
EndGlobal
